
Microsoft Visual Studio Solution File, Format Version 12.00
# Visual Studio 15
VisualStudioVersion = 15.0.27428.2037
MinimumVisualStudioVersion = 10.0.40219.1
Project("{888888A0-9F3D-457C-B088-3A5042F75D52}") = "freenas-api", "freenas-api\freenas-api.pyproj", "{6BD1AFD8-2384-495A-A651-61D7DBF3CCCF}"
EndProject
Global
	GlobalSection(SolutionConfigurationPlatforms) = preSolution
		Debug|Any CPU = Debug|Any CPU
		Release|Any CPU = Release|Any CPU
	EndGlobalSection
	GlobalSection(ProjectConfigurationPlatforms) = postSolution
		{6BD1AFD8-2384-495A-A651-61D7DBF3CCCF}.Debug|Any CPU.ActiveCfg = Debug|Any CPU
		{6BD1AFD8-2384-495A-A651-61D7DBF3CCCF}.Release|Any CPU.ActiveCfg = Release|Any CPU
	EndGlobalSection
	GlobalSection(SolutionProperties) = preSolution
		HideSolutionNode = FALSE
	EndGlobalSection
	GlobalSection(ExtensibilityGlobals) = postSolution
		SolutionGuid = {A792DE24-5F84-4A3C-964B-185AA80F7A83}
	EndGlobalSection
EndGlobal
